// !$*UTF8*$!
{
	archiveVersion = 1;
	classes = {
	};
	objectVersion = 56;
	objects = {

/* Begin PBXBuildFile section */
		4134E5C829D5737500002C76 /* AppDelegate.swift in Sources */ = {isa = PBXBuildFile; fileRef = 4134E5C729D5737500002C76 /* AppDelegate.swift */; };
		4134E5CA29D5737500002C76 /* SceneDelegate.swift in Sources */ = {isa = PBXBuildFile; fileRef = 4134E5C929D5737500002C76 /* SceneDelegate.swift */; };
		4134E5CC29D5737500002C76 /* RMTabViewController.swift in Sources */ = {isa = PBXBuildFile; fileRef = 4134E5CB29D5737500002C76 /* RMTabViewController.swift */; };
		4134E5D129D5737900002C76 /* Assets.xcassets in Resources */ = {isa = PBXBuildFile; fileRef = 4134E5D029D5737900002C76 /* Assets.xcassets */; };
		4134E5D429D5737900002C76 /* LaunchScreen.storyboard in Resources */ = {isa = PBXBuildFile; fileRef = 4134E5D229D5737900002C76 /* LaunchScreen.storyboard */; };
		4134E5E329D5761A00002C76 /* RMLocation.swift in Sources */ = {isa = PBXBuildFile; fileRef = 4134E5E229D5761A00002C76 /* RMLocation.swift */; };
		4134E5E529D5762100002C76 /* RMCharacter.swift in Sources */ = {isa = PBXBuildFile; fileRef = 4134E5E429D5762100002C76 /* RMCharacter.swift */; };
		4134E5E729D5762E00002C76 /* RMEpisode.swift in Sources */ = {isa = PBXBuildFile; fileRef = 4134E5E629D5762E00002C76 /* RMEpisode.swift */; };
		4134E5EA29D5772300002C76 /* RMLocationViewController.swift in Sources */ = {isa = PBXBuildFile; fileRef = 4134E5E929D5772300002C76 /* RMLocationViewController.swift */; };
		4134E5EC29D5773F00002C76 /* RMEpisodeViewController.swift in Sources */ = {isa = PBXBuildFile; fileRef = 4134E5EB29D5773F00002C76 /* RMEpisodeViewController.swift */; };
		4134E5EE29D5775D00002C76 /* RMCharacterViewController.swift in Sources */ = {isa = PBXBuildFile; fileRef = 4134E5ED29D5775D00002C76 /* RMCharacterViewController.swift */; };
		4134E5F029D5777400002C76 /* RMSettingsViewController.swift in Sources */ = {isa = PBXBuildFile; fileRef = 4134E5EF29D5777400002C76 /* RMSettingsViewController.swift */; };
		4134E5F229D5823A00002C76 /* RMService.swift in Sources */ = {isa = PBXBuildFile; fileRef = 4134E5F129D5823A00002C76 /* RMService.swift */; };
		4134E5F429D5824800002C76 /* RMRequest.swift in Sources */ = {isa = PBXBuildFile; fileRef = 4134E5F329D5824800002C76 /* RMRequest.swift */; };
		4134E5F629D5834200002C76 /* RMEndpoint.swift in Sources */ = {isa = PBXBuildFile; fileRef = 4134E5F529D5834200002C76 /* RMEndpoint.swift */; };
		414C872429D6C0B9007E5B09 /* RMOrigin.swift in Sources */ = {isa = PBXBuildFile; fileRef = 414C872329D6C0B9007E5B09 /* RMOrigin.swift */; };
		414C872629D6C1B2007E5B09 /* RMSingleLocation.swift in Sources */ = {isa = PBXBuildFile; fileRef = 414C872529D6C1B2007E5B09 /* RMSingleLocation.swift */; };
		414C872829D6C324007E5B09 /* RMCharacterStatus.swift in Sources */ = {isa = PBXBuildFile; fileRef = 414C872729D6C324007E5B09 /* RMCharacterStatus.swift */; };
		414C872A29D6C366007E5B09 /* RMCharacterGender.swift in Sources */ = {isa = PBXBuildFile; fileRef = 414C872929D6C366007E5B09 /* RMCharacterGender.swift */; };
		414C872E29D83558007E5B09 /* RMGetAllCharactersResponse.swift in Sources */ = {isa = PBXBuildFile; fileRef = 414C872D29D83558007E5B09 /* RMGetAllCharactersResponse.swift */; };
/* End PBXBuildFile section */

/* Begin PBXFileReference section */
		4134E5C429D5737500002C76 /* RickAndMorty.app */ = {isa = PBXFileReference; explicitFileType = wrapper.application; includeInIndex = 0; path = RickAndMorty.app; sourceTree = BUILT_PRODUCTS_DIR; };
		4134E5C729D5737500002C76 /* AppDelegate.swift */ = {isa = PBXFileReference; lastKnownFileType = sourcecode.swift; path = AppDelegate.swift; sourceTree = "<group>"; };
		4134E5C929D5737500002C76 /* SceneDelegate.swift */ = {isa = PBXFileReference; lastKnownFileType = sourcecode.swift; path = SceneDelegate.swift; sourceTree = "<group>"; };
		4134E5CB29D5737500002C76 /* RMTabViewController.swift */ = {isa = PBXFileReference; lastKnownFileType = sourcecode.swift; path = RMTabViewController.swift; sourceTree = "<group>"; };
		4134E5D029D5737900002C76 /* Assets.xcassets */ = {isa = PBXFileReference; lastKnownFileType = folder.assetcatalog; path = Assets.xcassets; sourceTree = "<group>"; };
		4134E5D329D5737900002C76 /* Base */ = {isa = PBXFileReference; lastKnownFileType = file.storyboard; name = Base; path = Base.lproj/LaunchScreen.storyboard; sourceTree = "<group>"; };
		4134E5D529D5737900002C76 /* Info.plist */ = {isa = PBXFileReference; lastKnownFileType = text.plist.xml; path = Info.plist; sourceTree = "<group>"; };
		4134E5E229D5761A00002C76 /* RMLocation.swift */ = {isa = PBXFileReference; lastKnownFileType = sourcecode.swift; path = RMLocation.swift; sourceTree = "<group>"; };
		4134E5E429D5762100002C76 /* RMCharacter.swift */ = {isa = PBXFileReference; lastKnownFileType = sourcecode.swift; path = RMCharacter.swift; sourceTree = "<group>"; };
		4134E5E629D5762E00002C76 /* RMEpisode.swift */ = {isa = PBXFileReference; lastKnownFileType = sourcecode.swift; path = RMEpisode.swift; sourceTree = "<group>"; };
		4134E5E929D5772300002C76 /* RMLocationViewController.swift */ = {isa = PBXFileReference; lastKnownFileType = sourcecode.swift; path = RMLocationViewController.swift; sourceTree = "<group>"; };
		4134E5EB29D5773F00002C76 /* RMEpisodeViewController.swift */ = {isa = PBXFileReference; lastKnownFileType = sourcecode.swift; path = RMEpisodeViewController.swift; sourceTree = "<group>"; };
		4134E5ED29D5775D00002C76 /* RMCharacterViewController.swift */ = {isa = PBXFileReference; lastKnownFileType = sourcecode.swift; path = RMCharacterViewController.swift; sourceTree = "<group>"; };
		4134E5EF29D5777400002C76 /* RMSettingsViewController.swift */ = {isa = PBXFileReference; lastKnownFileType = sourcecode.swift; path = RMSettingsViewController.swift; sourceTree = "<group>"; };
		4134E5F129D5823A00002C76 /* RMService.swift */ = {isa = PBXFileReference; lastKnownFileType = sourcecode.swift; path = RMService.swift; sourceTree = "<group>"; };
		4134E5F329D5824800002C76 /* RMRequest.swift */ = {isa = PBXFileReference; lastKnownFileType = sourcecode.swift; path = RMRequest.swift; sourceTree = "<group>"; };
		4134E5F529D5834200002C76 /* RMEndpoint.swift */ = {isa = PBXFileReference; lastKnownFileType = sourcecode.swift; path = RMEndpoint.swift; sourceTree = "<group>"; };
		414C872329D6C0B9007E5B09 /* RMOrigin.swift */ = {isa = PBXFileReference; lastKnownFileType = sourcecode.swift; path = RMOrigin.swift; sourceTree = "<group>"; };
		414C872529D6C1B2007E5B09 /* RMSingleLocation.swift */ = {isa = PBXFileReference; lastKnownFileType = sourcecode.swift; path = RMSingleLocation.swift; sourceTree = "<group>"; };
		414C872729D6C324007E5B09 /* RMCharacterStatus.swift */ = {isa = PBXFileReference; lastKnownFileType = sourcecode.swift; path = RMCharacterStatus.swift; sourceTree = "<group>"; };
		414C872929D6C366007E5B09 /* RMCharacterGender.swift */ = {isa = PBXFileReference; lastKnownFileType = sourcecode.swift; path = RMCharacterGender.swift; sourceTree = "<group>"; };
		414C872D29D83558007E5B09 /* RMGetAllCharactersResponse.swift */ = {isa = PBXFileReference; lastKnownFileType = sourcecode.swift; path = RMGetAllCharactersResponse.swift; sourceTree = "<group>"; };
/* End PBXFileReference section */

/* Begin PBXFrameworksBuildPhase section */
		4134E5C129D5737500002C76 /* Frameworks */ = {
			isa = PBXFrameworksBuildPhase;
			buildActionMask = 2147483647;
			files = (
			);
			runOnlyForDeploymentPostprocessing = 0;
		};
/* End PBXFrameworksBuildPhase section */

/* Begin PBXGroup section */
		4134E5BB29D5737500002C76 = {
			isa = PBXGroup;
			children = (
				4134E5C629D5737500002C76 /* RickAndMorty */,
				4134E5C529D5737500002C76 /* Products */,
			);
			sourceTree = "<group>";
		};
		4134E5C529D5737500002C76 /* Products */ = {
			isa = PBXGroup;
			children = (
				4134E5C429D5737500002C76 /* RickAndMorty.app */,
			);
			name = Products;
			sourceTree = "<group>";
		};
		4134E5C629D5737500002C76 /* RickAndMorty */ = {
			isa = PBXGroup;
			children = (
				4134E5E129D5755D00002C76 /* Resources */,
				4134E5E029D5754900002C76 /* APIClient */,
				4134E5DF29D5754300002C76 /* Managers */,
				4134E5DB29D5751800002C76 /* Controllers */,
				4134E5DE29D5752B00002C76 /* ViewModels */,
				4134E5DD29D5752400002C76 /* Views */,
				4134E5DC29D5751D00002C76 /* Models */,
				4134E5D529D5737900002C76 /* Info.plist */,
			);
			path = RickAndMorty;
			sourceTree = "<group>";
		};
		4134E5DB29D5751800002C76 /* Controllers */ = {
			isa = PBXGroup;
			children = (
				4134E5E829D576AD00002C76 /* Core */,
			);
			path = Controllers;
			sourceTree = "<group>";
		};
		4134E5DC29D5751D00002C76 /* Models */ = {
			isa = PBXGroup;
			children = (
				414C872C29D83537007E5B09 /* APIresponseTypes */,
				414C872B29D8352F007E5B09 /* DataTypes */,
			);
			path = Models;
			sourceTree = "<group>";
		};
		4134E5DD29D5752400002C76 /* Views */ = {
			isa = PBXGroup;
			children = (
			);
			path = Views;
			sourceTree = "<group>";
		};
		4134E5DE29D5752B00002C76 /* ViewModels */ = {
			isa = PBXGroup;
			children = (
			);
			path = ViewModels;
			sourceTree = "<group>";
		};
		4134E5DF29D5754300002C76 /* Managers */ = {
			isa = PBXGroup;
			children = (
			);
			path = Managers;
			sourceTree = "<group>";
		};
		4134E5E029D5754900002C76 /* APIClient */ = {
			isa = PBXGroup;
			children = (
				4134E5F129D5823A00002C76 /* RMService.swift */,
				4134E5F329D5824800002C76 /* RMRequest.swift */,
				4134E5F529D5834200002C76 /* RMEndpoint.swift */,
			);
			path = APIClient;
			sourceTree = "<group>";
		};
		4134E5E129D5755D00002C76 /* Resources */ = {
			isa = PBXGroup;
			children = (
				4134E5C729D5737500002C76 /* AppDelegate.swift */,
				4134E5C929D5737500002C76 /* SceneDelegate.swift */,
				4134E5D029D5737900002C76 /* Assets.xcassets */,
				4134E5D229D5737900002C76 /* LaunchScreen.storyboard */,
			);
			path = Resources;
			sourceTree = "<group>";
		};
		4134E5E829D576AD00002C76 /* Core */ = {
			isa = PBXGroup;
			children = (
				4134E5CB29D5737500002C76 /* RMTabViewController.swift */,
				4134E5ED29D5775D00002C76 /* RMCharacterViewController.swift */,
				4134E5E929D5772300002C76 /* RMLocationViewController.swift */,
				4134E5EB29D5773F00002C76 /* RMEpisodeViewController.swift */,
				4134E5EF29D5777400002C76 /* RMSettingsViewController.swift */,
			);
			path = Core;
			sourceTree = "<group>";
		};
		414C872B29D8352F007E5B09 /* DataTypes */ = {
			isa = PBXGroup;
			children = (
				4134E5E229D5761A00002C76 /* RMLocation.swift */,
				414C872929D6C366007E5B09 /* RMCharacterGender.swift */,
				4134E5E429D5762100002C76 /* RMCharacter.swift */,
				4134E5E629D5762E00002C76 /* RMEpisode.swift */,
				414C872329D6C0B9007E5B09 /* RMOrigin.swift */,
				414C872529D6C1B2007E5B09 /* RMSingleLocation.swift */,
				414C872729D6C324007E5B09 /* RMCharacterStatus.swift */,
			);
			path = DataTypes;
			sourceTree = "<group>";
		};
		414C872C29D83537007E5B09 /* APIresponseTypes */ = {
			isa = PBXGroup;
			children = (
				414C872D29D83558007E5B09 /* RMGetAllCharactersResponse.swift */,
			);
			name = APIresponseTypes;
			sourceTree = "<group>";
		};
/* End PBXGroup section */

/* Begin PBXNativeTarget section */
		4134E5C329D5737500002C76 /* RickAndMorty */ = {
			isa = PBXNativeTarget;
			buildConfigurationList = 4134E5D829D5737900002C76 /* Build configuration list for PBXNativeTarget "RickAndMorty" */;
			buildPhases = (
				4134E5C029D5737500002C76 /* Sources */,
				4134E5C129D5737500002C76 /* Frameworks */,
				4134E5C229D5737500002C76 /* Resources */,
			);
			buildRules = (
			);
			dependencies = (
			);
			name = RickAndMorty;
			productName = RickAndMorty;
			productReference = 4134E5C429D5737500002C76 /* RickAndMorty.app */;
			productType = "com.apple.product-type.application";
		};
/* End PBXNativeTarget section */

/* Begin PBXProject section */
		4134E5BC29D5737500002C76 /* Project object */ = {
			isa = PBXProject;
			attributes = {
				BuildIndependentTargetsInParallel = 1;
				LastSwiftUpdateCheck = 1400;
				LastUpgradeCheck = 1400;
				TargetAttributes = {
					4134E5C329D5737500002C76 = {
						CreatedOnToolsVersion = 14.0.1;
					};
				};
			};
			buildConfigurationList = 4134E5BF29D5737500002C76 /* Build configuration list for PBXProject "RickAndMorty" */;
			compatibilityVersion = "Xcode 14.0";
			developmentRegion = en;
			hasScannedForEncodings = 0;
			knownRegions = (
				en,
				Base,
			);
			mainGroup = 4134E5BB29D5737500002C76;
			productRefGroup = 4134E5C529D5737500002C76 /* Products */;
			projectDirPath = "";
			projectRoot = "";
			targets = (
				4134E5C329D5737500002C76 /* RickAndMorty */,
			);
		};
/* End PBXProject section */

/* Begin PBXResourcesBuildPhase section */
		4134E5C229D5737500002C76 /* Resources */ = {
			isa = PBXResourcesBuildPhase;
			buildActionMask = 2147483647;
			files = (
				4134E5D429D5737900002C76 /* LaunchScreen.storyboard in Resources */,
				4134E5D129D5737900002C76 /* Assets.xcassets in Resources */,
			);
			runOnlyForDeploymentPostprocessing = 0;
		};
/* End PBXResourcesBuildPhase section */

/* Begin PBXSourcesBuildPhase section */
		4134E5C029D5737500002C76 /* Sources */ = {
			isa = PBXSourcesBuildPhase;
			buildActionMask = 2147483647;
			files = (
				414C872429D6C0B9007E5B09 /* RMOrigin.swift in Sources */,
				414C872629D6C1B2007E5B09 /* RMSingleLocation.swift in Sources */,
				414C872829D6C324007E5B09 /* RMCharacterStatus.swift in Sources */,
				414C872A29D6C366007E5B09 /* RMCharacterGender.swift in Sources */,
				4134E5E729D5762E00002C76 /* RMEpisode.swift in Sources */,
				4134E5EE29D5775D00002C76 /* RMCharacterViewController.swift in Sources */,
				4134E5CC29D5737500002C76 /* RMTabViewController.swift in Sources */,
				4134E5EA29D5772300002C76 /* RMLocationViewController.swift in Sources */,
				4134E5C829D5737500002C76 /* AppDelegate.swift in Sources */,
				4134E5E529D5762100002C76 /* RMCharacter.swift in Sources */,
				4134E5F029D5777400002C76 /* RMSettingsViewController.swift in Sources */,
				4134E5F229D5823A00002C76 /* RMService.swift in Sources */,
				4134E5CA29D5737500002C76 /* SceneDelegate.swift in Sources */,
				4134E5F629D5834200002C76 /* RMEndpoint.swift in Sources */,
				4134E5E329D5761A00002C76 /* RMLocation.swift in Sources */,
				4134E5F429D5824800002C76 /* RMRequest.swift in Sources */,
				4134E5EC29D5773F00002C76 /* RMEpisodeViewController.swift in Sources */,
				414C872E29D83558007E5B09 /* RMGetAllCharactersResponse.swift in Sources */,
			);
			runOnlyForDeploymentPostprocessing = 0;
		};
/* End PBXSourcesBuildPhase section */

/* Begin PBXVariantGroup section */
		4134E5D229D5737900002C76 /* LaunchScreen.storyboard */ = {
			isa = PBXVariantGroup;
			children = (
				4134E5D329D5737900002C76 /* Base */,
			);
			name = LaunchScreen.storyboard;
			sourceTree = "<group>";
		};
/* End PBXVariantGroup section */

/* Begin XCBuildConfiguration section */
		4134E5D629D5737900002C76 /* Debug */ = {
			isa = XCBuildConfiguration;
			buildSettings = {
				ALWAYS_SEARCH_USER_PATHS = NO;
				CLANG_ANALYZER_NONNULL = YES;
				CLANG_ANALYZER_NUMBER_OBJECT_CONVERSION = YES_AGGRESSIVE;
				CLANG_CXX_LANGUAGE_STANDARD = "gnu++20";
				CLANG_ENABLE_MODULES = YES;
				CLANG_ENABLE_OBJC_ARC = YES;
				CLANG_ENABLE_OBJC_WEAK = YES;
				CLANG_WARN_BLOCK_CAPTURE_AUTORELEASING = YES;
				CLANG_WARN_BOOL_CONVERSION = YES;
				CLANG_WARN_COMMA = YES;
				CLANG_WARN_CONSTANT_CONVERSION = YES;
				CLANG_WARN_DEPRECATED_OBJC_IMPLEMENTATIONS = YES;
				CLANG_WARN_DIRECT_OBJC_ISA_USAGE = YES_ERROR;
				CLANG_WARN_DOCUMENTATION_COMMENTS = YES;
				CLANG_WARN_EMPTY_BODY = YES;
				CLANG_WARN_ENUM_CONVERSION = YES;
				CLANG_WARN_INFINITE_RECURSION = YES;
				CLANG_WARN_INT_CONVERSION = YES;
				CLANG_WARN_NON_LITERAL_NULL_CONVERSION = YES;
				CLANG_WARN_OBJC_IMPLICIT_RETAIN_SELF = YES;
				CLANG_WARN_OBJC_LITERAL_CONVERSION = YES;
				CLANG_WARN_OBJC_ROOT_CLASS = YES_ERROR;
				CLANG_WARN_QUOTED_INCLUDE_IN_FRAMEWORK_HEADER = YES;
				CLANG_WARN_RANGE_LOOP_ANALYSIS = YES;
				CLANG_WARN_STRICT_PROTOTYPES = YES;
				CLANG_WARN_SUSPICIOUS_MOVE = YES;
				CLANG_WARN_UNGUARDED_AVAILABILITY = YES_AGGRESSIVE;
				CLANG_WARN_UNREACHABLE_CODE = YES;
				CLANG_WARN__DUPLICATE_METHOD_MATCH = YES;
				COPY_PHASE_STRIP = NO;
				DEBUG_INFORMATION_FORMAT = dwarf;
				ENABLE_STRICT_OBJC_MSGSEND = YES;
				ENABLE_TESTABILITY = YES;
				GCC_C_LANGUAGE_STANDARD = gnu11;
				GCC_DYNAMIC_NO_PIC = NO;
				GCC_NO_COMMON_BLOCKS = YES;
				GCC_OPTIMIZATION_LEVEL = 0;
				GCC_PREPROCESSOR_DEFINITIONS = (
					"DEBUG=1",
					"$(inherited)",
				);
				GCC_WARN_64_TO_32_BIT_CONVERSION = YES;
				GCC_WARN_ABOUT_RETURN_TYPE = YES_ERROR;
				GCC_WARN_UNDECLARED_SELECTOR = YES;
				GCC_WARN_UNINITIALIZED_AUTOS = YES_AGGRESSIVE;
				GCC_WARN_UNUSED_FUNCTION = YES;
				GCC_WARN_UNUSED_VARIABLE = YES;
				IPHONEOS_DEPLOYMENT_TARGET = 16.0;
				MTL_ENABLE_DEBUG_INFO = INCLUDE_SOURCE;
				MTL_FAST_MATH = YES;
				ONLY_ACTIVE_ARCH = YES;
				SDKROOT = iphoneos;
				SWIFT_ACTIVE_COMPILATION_CONDITIONS = DEBUG;
				SWIFT_OPTIMIZATION_LEVEL = "-Onone";
			};
			name = Debug;
		};
		4134E5D729D5737900002C76 /* Release */ = {
			isa = XCBuildConfiguration;
			buildSettings = {
				ALWAYS_SEARCH_USER_PATHS = NO;
				CLANG_ANALYZER_NONNULL = YES;
				CLANG_ANALYZER_NUMBER_OBJECT_CONVERSION = YES_AGGRESSIVE;
				CLANG_CXX_LANGUAGE_STANDARD = "gnu++20";
				CLANG_ENABLE_MODULES = YES;
				CLANG_ENABLE_OBJC_ARC = YES;
				CLANG_ENABLE_OBJC_WEAK = YES;
				CLANG_WARN_BLOCK_CAPTURE_AUTORELEASING = YES;
				CLANG_WARN_BOOL_CONVERSION = YES;
				CLANG_WARN_COMMA = YES;
				CLANG_WARN_CONSTANT_CONVERSION = YES;
				CLANG_WARN_DEPRECATED_OBJC_IMPLEMENTATIONS = YES;
				CLANG_WARN_DIRECT_OBJC_ISA_USAGE = YES_ERROR;
				CLANG_WARN_DOCUMENTATION_COMMENTS = YES;
				CLANG_WARN_EMPTY_BODY = YES;
				CLANG_WARN_ENUM_CONVERSION = YES;
				CLANG_WARN_INFINITE_RECURSION = YES;
				CLANG_WARN_INT_CONVERSION = YES;
				CLANG_WARN_NON_LITERAL_NULL_CONVERSION = YES;
				CLANG_WARN_OBJC_IMPLICIT_RETAIN_SELF = YES;
				CLANG_WARN_OBJC_LITERAL_CONVERSION = YES;
				CLANG_WARN_OBJC_ROOT_CLASS = YES_ERROR;
				CLANG_WARN_QUOTED_INCLUDE_IN_FRAMEWORK_HEADER = YES;
				CLANG_WARN_RANGE_LOOP_ANALYSIS = YES;
				CLANG_WARN_STRICT_PROTOTYPES = YES;
				CLANG_WARN_SUSPICIOUS_MOVE = YES;
				CLANG_WARN_UNGUARDED_AVAILABILITY = YES_AGGRESSIVE;
				CLANG_WARN_UNREACHABLE_CODE = YES;
				CLANG_WARN__DUPLICATE_METHOD_MATCH = YES;
				COPY_PHASE_STRIP = NO;
				DEBUG_INFORMATION_FORMAT = "dwarf-with-dsym";
				ENABLE_NS_ASSERTIONS = NO;
				ENABLE_STRICT_OBJC_MSGSEND = YES;
				GCC_C_LANGUAGE_STANDARD = gnu11;
				GCC_NO_COMMON_BLOCKS = YES;
				GCC_WARN_64_TO_32_BIT_CONVERSION = YES;
				GCC_WARN_ABOUT_RETURN_TYPE = YES_ERROR;
				GCC_WARN_UNDECLARED_SELECTOR = YES;
				GCC_WARN_UNINITIALIZED_AUTOS = YES_AGGRESSIVE;
				GCC_WARN_UNUSED_FUNCTION = YES;
				GCC_WARN_UNUSED_VARIABLE = YES;
				IPHONEOS_DEPLOYMENT_TARGET = 16.0;
				MTL_ENABLE_DEBUG_INFO = NO;
				MTL_FAST_MATH = YES;
				SDKROOT = iphoneos;
				SWIFT_COMPILATION_MODE = wholemodule;
				SWIFT_OPTIMIZATION_LEVEL = "-O";
				VALIDATE_PRODUCT = YES;
			};
			name = Release;
		};
		4134E5D929D5737900002C76 /* Debug */ = {
			isa = XCBuildConfiguration;
			buildSettings = {
				ASSETCATALOG_COMPILER_APPICON_NAME = AppIcon;
				ASSETCATALOG_COMPILER_GLOBAL_ACCENT_COLOR_NAME = AccentColor;
				CODE_SIGN_STYLE = Automatic;
				CURRENT_PROJECT_VERSION = 1;
				DEVELOPMENT_TEAM = H6A8FF2GG8;
				GENERATE_INFOPLIST_FILE = YES;
				INFOPLIST_FILE = RickAndMorty/Info.plist;
				INFOPLIST_KEY_UIApplicationSupportsIndirectInputEvents = YES;
				INFOPLIST_KEY_UILaunchStoryboardName = LaunchScreen;
				INFOPLIST_KEY_UISupportedInterfaceOrientations_iPad = "UIInterfaceOrientationPortrait UIInterfaceOrientationPortraitUpsideDown UIInterfaceOrientationLandscapeLeft UIInterfaceOrientationLandscapeRight";
				INFOPLIST_KEY_UISupportedInterfaceOrientations_iPhone = "UIInterfaceOrientationPortrait UIInterfaceOrientationLandscapeLeft UIInterfaceOrientationLandscapeRight";
				LD_RUNPATH_SEARCH_PATHS = (
					"$(inherited)",
					"@executable_path/Frameworks",
				);
				MARKETING_VERSION = 1.0;
				PRODUCT_BUNDLE_IDENTIFIER = keremdemir.RickAndMorty;
				PRODUCT_NAME = "$(TARGET_NAME)";
				SWIFT_EMIT_LOC_STRINGS = YES;
				SWIFT_VERSION = 5.0;
				TARGETED_DEVICE_FAMILY = "1,2";
			};
			name = Debug;
		};
		4134E5DA29D5737900002C76 /* Release */ = {
			isa = XCBuildConfiguration;
			buildSettings = {
				ASSETCATALOG_COMPILER_APPICON_NAME = AppIcon;
				ASSETCATALOG_COMPILER_GLOBAL_ACCENT_COLOR_NAME = AccentColor;
				CODE_SIGN_STYLE = Automatic;
				CURRENT_PROJECT_VERSION = 1;
				DEVELOPMENT_TEAM = H6A8FF2GG8;
				GENERATE_INFOPLIST_FILE = YES;
				INFOPLIST_FILE = RickAndMorty/Info.plist;
				INFOPLIST_KEY_UIApplicationSupportsIndirectInputEvents = YES;
				INFOPLIST_KEY_UILaunchStoryboardName = LaunchScreen;
				INFOPLIST_KEY_UISupportedInterfaceOrientations_iPad = "UIInterfaceOrientationPortrait UIInterfaceOrientationPortraitUpsideDown UIInterfaceOrientationLandscapeLeft UIInterfaceOrientationLandscapeRight";
				INFOPLIST_KEY_UISupportedInterfaceOrientations_iPhone = "UIInterfaceOrientationPortrait UIInterfaceOrientationLandscapeLeft UIInterfaceOrientationLandscapeRight";
				LD_RUNPATH_SEARCH_PATHS = (
					"$(inherited)",
					"@executable_path/Frameworks",
				);
				MARKETING_VERSION = 1.0;
				PRODUCT_BUNDLE_IDENTIFIER = keremdemir.RickAndMorty;
				PRODUCT_NAME = "$(TARGET_NAME)";
				SWIFT_EMIT_LOC_STRINGS = YES;
				SWIFT_VERSION = 5.0;
				TARGETED_DEVICE_FAMILY = "1,2";
			};
			name = Release;
		};
/* End XCBuildConfiguration section */

/* Begin XCConfigurationList section */
		4134E5BF29D5737500002C76 /* Build configuration list for PBXProject "RickAndMorty" */ = {
			isa = XCConfigurationList;
			buildConfigurations = (
				4134E5D629D5737900002C76 /* Debug */,
				4134E5D729D5737900002C76 /* Release */,
			);
			defaultConfigurationIsVisible = 0;
			defaultConfigurationName = Release;
		};
		4134E5D829D5737900002C76 /* Build configuration list for PBXNativeTarget "RickAndMorty" */ = {
			isa = XCConfigurationList;
			buildConfigurations = (
				4134E5D929D5737900002C76 /* Debug */,
				4134E5DA29D5737900002C76 /* Release */,
			);
			defaultConfigurationIsVisible = 0;
			defaultConfigurationName = Release;
		};
/* End XCConfigurationList section */
	};
	rootObject = 4134E5BC29D5737500002C76 /* Project object */;
}
